// !$*UTF8*$!
{
	archiveVersion = 1;
	classes = {
	};
	objectVersion = 48;
	objects = {

/* Begin PBXBuildFile section */
		D53D8D5F1FD3F882007A9C45 /* AppDelegate.m in Sources */ = {isa = PBXBuildFile; fileRef = D53D8D5E1FD3F882007A9C45 /* AppDelegate.m */; };
		D53D8D621FD3F882007A9C45 /* ViewController.m in Sources */ = {isa = PBXBuildFile; fileRef = D53D8D611FD3F882007A9C45 /* ViewController.m */; };
		D53D8D651FD3F882007A9C45 /* Main.storyboard in Resources */ = {isa = PBXBuildFile; fileRef = D53D8D631FD3F882007A9C45 /* Main.storyboard */; };
		D53D8D671FD3F882007A9C45 /* Assets.xcassets in Resources */ = {isa = PBXBuildFile; fileRef = D53D8D661FD3F882007A9C45 /* Assets.xcassets */; };
		D53D8D6A1FD3F882007A9C45 /* LaunchScreen.storyboard in Resources */ = {isa = PBXBuildFile; fileRef = D53D8D681FD3F882007A9C45 /* LaunchScreen.storyboard */; };
		D53D8D6D1FD3F882007A9C45 /* main.m in Sources */ = {isa = PBXBuildFile; fileRef = D53D8D6C1FD3F882007A9C45 /* main.m */; };
		D53D8D771FD3F882007A9C45 /* RYTableViewFormTests.m in Sources */ = {isa = PBXBuildFile; fileRef = D53D8D761FD3F882007A9C45 /* RYTableViewFormTests.m */; };
		D53D8D821FD3F882007A9C45 /* RYTableViewFormUITests.m in Sources */ = {isa = PBXBuildFile; fileRef = D53D8D811FD3F882007A9C45 /* RYTableViewFormUITests.m */; };
/* End PBXBuildFile section */

/* Begin PBXContainerItemProxy section */
		D53D8D731FD3F882007A9C45 /* PBXContainerItemProxy */ = {
			isa = PBXContainerItemProxy;
			containerPortal = D53D8D521FD3F882007A9C45 /* Project object */;
			proxyType = 1;
			remoteGlobalIDString = D53D8D591FD3F882007A9C45;
			remoteInfo = RYTableViewForm;
		};
		D53D8D7E1FD3F882007A9C45 /* PBXContainerItemProxy */ = {
			isa = PBXContainerItemProxy;
			containerPortal = D53D8D521FD3F882007A9C45 /* Project object */;
			proxyType = 1;
			remoteGlobalIDString = D53D8D591FD3F882007A9C45;
			remoteInfo = RYTableViewForm;
		};
/* End PBXContainerItemProxy section */

/* Begin PBXFileReference section */
		D53D8D5A1FD3F882007A9C45 /* RYTableViewForm.app */ = {isa = PBXFileReference; explicitFileType = wrapper.application; includeInIndex = 0; path = RYTableViewForm.app; sourceTree = BUILT_PRODUCTS_DIR; };
		D53D8D5D1FD3F882007A9C45 /* AppDelegate.h */ = {isa = PBXFileReference; lastKnownFileType = sourcecode.c.h; path = AppDelegate.h; sourceTree = "<group>"; };
		D53D8D5E1FD3F882007A9C45 /* AppDelegate.m */ = {isa = PBXFileReference; lastKnownFileType = sourcecode.c.objc; path = AppDelegate.m; sourceTree = "<group>"; };
		D53D8D601FD3F882007A9C45 /* ViewController.h */ = {isa = PBXFileReference; lastKnownFileType = sourcecode.c.h; path = ViewController.h; sourceTree = "<group>"; };
		D53D8D611FD3F882007A9C45 /* ViewController.m */ = {isa = PBXFileReference; lastKnownFileType = sourcecode.c.objc; path = ViewController.m; sourceTree = "<group>"; };
		D53D8D641FD3F882007A9C45 /* Base */ = {isa = PBXFileReference; lastKnownFileType = file.storyboard; name = Base; path = Base.lproj/Main.storyboard; sourceTree = "<group>"; };
		D53D8D661FD3F882007A9C45 /* Assets.xcassets */ = {isa = PBXFileReference; lastKnownFileType = folder.assetcatalog; path = Assets.xcassets; sourceTree = "<group>"; };
		D53D8D691FD3F882007A9C45 /* Base */ = {isa = PBXFileReference; lastKnownFileType = file.storyboard; name = Base; path = Base.lproj/LaunchScreen.storyboard; sourceTree = "<group>"; };
		D53D8D6B1FD3F882007A9C45 /* Info.plist */ = {isa = PBXFileReference; lastKnownFileType = text.plist.xml; path = Info.plist; sourceTree = "<group>"; };
		D53D8D6C1FD3F882007A9C45 /* main.m */ = {isa = PBXFileReference; lastKnownFileType = sourcecode.c.objc; path = main.m; sourceTree = "<group>"; };
		D53D8D721FD3F882007A9C45 /* RYTableViewFormTests.xctest */ = {isa = PBXFileReference; explicitFileType = wrapper.cfbundle; includeInIndex = 0; path = RYTableViewFormTests.xctest; sourceTree = BUILT_PRODUCTS_DIR; };
		D53D8D761FD3F882007A9C45 /* RYTableViewFormTests.m */ = {isa = PBXFileReference; lastKnownFileType = sourcecode.c.objc; path = RYTableViewFormTests.m; sourceTree = "<group>"; };
		D53D8D781FD3F882007A9C45 /* Info.plist */ = {isa = PBXFileReference; lastKnownFileType = text.plist.xml; path = Info.plist; sourceTree = "<group>"; };
		D53D8D7D1FD3F882007A9C45 /* RYTableViewFormUITests.xctest */ = {isa = PBXFileReference; explicitFileType = wrapper.cfbundle; includeInIndex = 0; path = RYTableViewFormUITests.xctest; sourceTree = BUILT_PRODUCTS_DIR; };
		D53D8D811FD3F882007A9C45 /* RYTableViewFormUITests.m */ = {isa = PBXFileReference; lastKnownFileType = sourcecode.c.objc; path = RYTableViewFormUITests.m; sourceTree = "<group>"; };
		D53D8D831FD3F882007A9C45 /* Info.plist */ = {isa = PBXFileReference; lastKnownFileType = text.plist.xml; path = Info.plist; sourceTree = "<group>"; };
/* End PBXFileReference section */

/* Begin PBXFrameworksBuildPhase section */
		D53D8D571FD3F882007A9C45 /* Frameworks */ = {
			isa = PBXFrameworksBuildPhase;
			buildActionMask = 2147483647;
			files = (
			);
			runOnlyForDeploymentPostprocessing = 0;
		};
		D53D8D6F1FD3F882007A9C45 /* Frameworks */ = {
			isa = PBXFrameworksBuildPhase;
			buildActionMask = 2147483647;
			files = (
			);
			runOnlyForDeploymentPostprocessing = 0;
		};
		D53D8D7A1FD3F882007A9C45 /* Frameworks */ = {
			isa = PBXFrameworksBuildPhase;
			buildActionMask = 2147483647;
			files = (
			);
			runOnlyForDeploymentPostprocessing = 0;
		};
/* End PBXFrameworksBuildPhase section */

/* Begin PBXGroup section */
		D53D8D511FD3F882007A9C45 = {
			isa = PBXGroup;
			children = (
				D53D8D5C1FD3F882007A9C45 /* RYTableViewForm */,
				D53D8D751FD3F882007A9C45 /* RYTableViewFormTests */,
				D53D8D801FD3F882007A9C45 /* RYTableViewFormUITests */,
				D53D8D5B1FD3F882007A9C45 /* Products */,
			);
			sourceTree = "<group>";
		};
		D53D8D5B1FD3F882007A9C45 /* Products */ = {
			isa = PBXGroup;
			children = (
				D53D8D5A1FD3F882007A9C45 /* RYTableViewForm.app */,
				D53D8D721FD3F882007A9C45 /* RYTableViewFormTests.xctest */,
				D53D8D7D1FD3F882007A9C45 /* RYTableViewFormUITests.xctest */,
			);
			name = Products;
			sourceTree = "<group>";
		};
		D53D8D5C1FD3F882007A9C45 /* RYTableViewForm */ = {
			isa = PBXGroup;
			children = (
				D53D8D8F1FD4041C007A9C45 /* RYTableViewForm */,
				D53D8D5D1FD3F882007A9C45 /* AppDelegate.h */,
				D53D8D5E1FD3F882007A9C45 /* AppDelegate.m */,
				D53D8D601FD3F882007A9C45 /* ViewController.h */,
				D53D8D611FD3F882007A9C45 /* ViewController.m */,
				D53D8D631FD3F882007A9C45 /* Main.storyboard */,
				D53D8D661FD3F882007A9C45 /* Assets.xcassets */,
				D53D8D681FD3F882007A9C45 /* LaunchScreen.storyboard */,
				D53D8D6B1FD3F882007A9C45 /* Info.plist */,
				D53D8D6C1FD3F882007A9C45 /* main.m */,
			);
			path = RYTableViewForm;
			sourceTree = "<group>";
		};
		D53D8D751FD3F882007A9C45 /* RYTableViewFormTests */ = {
			isa = PBXGroup;
			children = (
				D53D8D761FD3F882007A9C45 /* RYTableViewFormTests.m */,
				D53D8D781FD3F882007A9C45 /* Info.plist */,
			);
			path = RYTableViewFormTests;
			sourceTree = "<group>";
		};
		D53D8D801FD3F882007A9C45 /* RYTableViewFormUITests */ = {
			isa = PBXGroup;
			children = (
				D53D8D811FD3F882007A9C45 /* RYTableViewFormUITests.m */,
				D53D8D831FD3F882007A9C45 /* Info.plist */,
			);
			path = RYTableViewFormUITests;
			sourceTree = "<group>";
		};
		D53D8D8F1FD4041C007A9C45 /* RYTableViewForm */ = {
			isa = PBXGroup;
			children = (
			);
			path = RYTableViewForm;
			sourceTree = "<group>";
		};
/* End PBXGroup section */

/* Begin PBXNativeTarget section */
		D53D8D591FD3F882007A9C45 /* RYTableViewForm */ = {
			isa = PBXNativeTarget;
			buildConfigurationList = D53D8D861FD3F882007A9C45 /* Build configuration list for PBXNativeTarget "RYTableViewForm" */;
			buildPhases = (
				D53D8D561FD3F882007A9C45 /* Sources */,
				D53D8D571FD3F882007A9C45 /* Frameworks */,
				D53D8D581FD3F882007A9C45 /* Resources */,
			);
			buildRules = (
			);
			dependencies = (
			);
			name = RYTableViewForm;
			productName = RYTableViewForm;
			productReference = D53D8D5A1FD3F882007A9C45 /* RYTableViewForm.app */;
			productType = "com.apple.product-type.application";
		};
		D53D8D711FD3F882007A9C45 /* RYTableViewFormTests */ = {
			isa = PBXNativeTarget;
			buildConfigurationList = D53D8D891FD3F882007A9C45 /* Build configuration list for PBXNativeTarget "RYTableViewFormTests" */;
			buildPhases = (
				D53D8D6E1FD3F882007A9C45 /* Sources */,
				D53D8D6F1FD3F882007A9C45 /* Frameworks */,
				D53D8D701FD3F882007A9C45 /* Resources */,
			);
			buildRules = (
			);
			dependencies = (
				D53D8D741FD3F882007A9C45 /* PBXTargetDependency */,
			);
			name = RYTableViewFormTests;
			productName = RYTableViewFormTests;
			productReference = D53D8D721FD3F882007A9C45 /* RYTableViewFormTests.xctest */;
			productType = "com.apple.product-type.bundle.unit-test";
		};
		D53D8D7C1FD3F882007A9C45 /* RYTableViewFormUITests */ = {
			isa = PBXNativeTarget;
			buildConfigurationList = D53D8D8C1FD3F882007A9C45 /* Build configuration list for PBXNativeTarget "RYTableViewFormUITests" */;
			buildPhases = (
				D53D8D791FD3F882007A9C45 /* Sources */,
				D53D8D7A1FD3F882007A9C45 /* Frameworks */,
				D53D8D7B1FD3F882007A9C45 /* Resources */,
			);
			buildRules = (
			);
			dependencies = (
				D53D8D7F1FD3F882007A9C45 /* PBXTargetDependency */,
			);
			name = RYTableViewFormUITests;
			productName = RYTableViewFormUITests;
			productReference = D53D8D7D1FD3F882007A9C45 /* RYTableViewFormUITests.xctest */;
			productType = "com.apple.product-type.bundle.ui-testing";
		};
/* End PBXNativeTarget section */

/* Begin PBXProject section */
		D53D8D521FD3F882007A9C45 /* Project object */ = {
			isa = PBXProject;
			attributes = {
				LastUpgradeCheck = 0910;
				ORGANIZATIONNAME = Rainer;
				TargetAttributes = {
					D53D8D591FD3F882007A9C45 = {
						CreatedOnToolsVersion = 9.1;
						ProvisioningStyle = Automatic;
					};
					D53D8D711FD3F882007A9C45 = {
						CreatedOnToolsVersion = 9.1;
						ProvisioningStyle = Automatic;
						TestTargetID = D53D8D591FD3F882007A9C45;
					};
					D53D8D7C1FD3F882007A9C45 = {
						CreatedOnToolsVersion = 9.1;
						ProvisioningStyle = Automatic;
						TestTargetID = D53D8D591FD3F882007A9C45;
					};
				};
			};
			buildConfigurationList = D53D8D551FD3F882007A9C45 /* Build configuration list for PBXProject "RYTableViewForm" */;
			compatibilityVersion = "Xcode 8.0";
			developmentRegion = en;
			hasScannedForEncodings = 0;
			knownRegions = (
				en,
				Base,
			);
			mainGroup = D53D8D511FD3F882007A9C45;
			productRefGroup = D53D8D5B1FD3F882007A9C45 /* Products */;
			projectDirPath = "";
			projectRoot = "";
			targets = (
				D53D8D591FD3F882007A9C45 /* RYTableViewForm */,
				D53D8D711FD3F882007A9C45 /* RYTableViewFormTests */,
				D53D8D7C1FD3F882007A9C45 /* RYTableViewFormUITests */,
			);
		};
/* End PBXProject section */

/* Begin PBXResourcesBuildPhase section */
		D53D8D581FD3F882007A9C45 /* Resources */ = {
			isa = PBXResourcesBuildPhase;
			buildActionMask = 2147483647;
			files = (
				D53D8D6A1FD3F882007A9C45 /* LaunchScreen.storyboard in Resources */,
				D53D8D671FD3F882007A9C45 /* Assets.xcassets in Resources */,
				D53D8D651FD3F882007A9C45 /* Main.storyboard in Resources */,
			);
			runOnlyForDeploymentPostprocessing = 0;
		};
		D53D8D701FD3F882007A9C45 /* Resources */ = {
			isa = PBXResourcesBuildPhase;
			buildActionMask = 2147483647;
			files = (
			);
			runOnlyForDeploymentPostprocessing = 0;
		};
		D53D8D7B1FD3F882007A9C45 /* Resources */ = {
			isa = PBXResourcesBuildPhase;
			buildActionMask = 2147483647;
			files = (
			);
			runOnlyForDeploymentPostprocessing = 0;
		};
/* End PBXResourcesBuildPhase section */

/* Begin PBXSourcesBuildPhase section */
		D53D8D561FD3F882007A9C45 /* Sources */ = {
			isa = PBXSourcesBuildPhase;
			buildActionMask = 2147483647;
			files = (
				D53D8D621FD3F882007A9C45 /* ViewController.m in Sources */,
				D53D8D6D1FD3F882007A9C45 /* main.m in Sources */,
				D53D8D5F1FD3F882007A9C45 /* AppDelegate.m in Sources */,
			);
			runOnlyForDeploymentPostprocessing = 0;
		};
		D53D8D6E1FD3F882007A9C45 /* Sources */ = {
			isa = PBXSourcesBuildPhase;
			buildActionMask = 2147483647;
			files = (
				D53D8D771FD3F882007A9C45 /* RYTableViewFormTests.m in Sources */,
			);
			runOnlyForDeploymentPostprocessing = 0;
		};
		D53D8D791FD3F882007A9C45 /* Sources */ = {
			isa = PBXSourcesBuildPhase;
			buildActionMask = 2147483647;
			files = (
				D53D8D821FD3F882007A9C45 /* RYTableViewFormUITests.m in Sources */,
			);
			runOnlyForDeploymentPostprocessing = 0;
		};
/* End PBXSourcesBuildPhase section */

/* Begin PBXTargetDependency section */
		D53D8D741FD3F882007A9C45 /* PBXTargetDependency */ = {
			isa = PBXTargetDependency;
			target = D53D8D591FD3F882007A9C45 /* RYTableViewForm */;
			targetProxy = D53D8D731FD3F882007A9C45 /* PBXContainerItemProxy */;
		};
		D53D8D7F1FD3F882007A9C45 /* PBXTargetDependency */ = {
			isa = PBXTargetDependency;
			target = D53D8D591FD3F882007A9C45 /* RYTableViewForm */;
			targetProxy = D53D8D7E1FD3F882007A9C45 /* PBXContainerItemProxy */;
		};
/* End PBXTargetDependency section */

/* Begin PBXVariantGroup section */
		D53D8D631FD3F882007A9C45 /* Main.storyboard */ = {
			isa = PBXVariantGroup;
			children = (
				D53D8D641FD3F882007A9C45 /* Base */,
			);
			name = Main.storyboard;
			sourceTree = "<group>";
		};
		D53D8D681FD3F882007A9C45 /* LaunchScreen.storyboard */ = {
			isa = PBXVariantGroup;
			children = (
				D53D8D691FD3F882007A9C45 /* Base */,
			);
			name = LaunchScreen.storyboard;
			sourceTree = "<group>";
		};
/* End PBXVariantGroup section */

/* Begin XCBuildConfiguration section */
		D53D8D841FD3F882007A9C45 /* Debug */ = {
			isa = XCBuildConfiguration;
			buildSettings = {
				ALWAYS_SEARCH_USER_PATHS = NO;
				CLANG_ANALYZER_NONNULL = YES;
				CLANG_ANALYZER_NUMBER_OBJECT_CONVERSION = YES_AGGRESSIVE;
				CLANG_CXX_LANGUAGE_STANDARD = "gnu++14";
				CLANG_CXX_LIBRARY = "libc++";
				CLANG_ENABLE_MODULES = YES;
				CLANG_ENABLE_OBJC_ARC = YES;
				CLANG_WARN_BLOCK_CAPTURE_AUTORELEASING = YES;
				CLANG_WARN_BOOL_CONVERSION = YES;
				CLANG_WARN_COMMA = YES;
				CLANG_WARN_CONSTANT_CONVERSION = YES;
				CLANG_WARN_DIRECT_OBJC_ISA_USAGE = YES_ERROR;
				CLANG_WARN_DOCUMENTATION_COMMENTS = YES;
				CLANG_WARN_EMPTY_BODY = YES;
				CLANG_WARN_ENUM_CONVERSION = YES;
				CLANG_WARN_INFINITE_RECURSION = YES;
				CLANG_WARN_INT_CONVERSION = YES;
				CLANG_WARN_NON_LITERAL_NULL_CONVERSION = YES;
				CLANG_WARN_OBJC_LITERAL_CONVERSION = YES;
				CLANG_WARN_OBJC_ROOT_CLASS = YES_ERROR;
				CLANG_WARN_RANGE_LOOP_ANALYSIS = YES;
				CLANG_WARN_STRICT_PROTOTYPES = YES;
				CLANG_WARN_SUSPICIOUS_MOVE = YES;
				CLANG_WARN_UNGUARDED_AVAILABILITY = YES_AGGRESSIVE;
				CLANG_WARN_UNREACHABLE_CODE = YES;
				CLANG_WARN__DUPLICATE_METHOD_MATCH = YES;
				CODE_SIGN_IDENTITY = "iPhone Developer";
				COPY_PHASE_STRIP = NO;
				DEBUG_INFORMATION_FORMAT = dwarf;
				ENABLE_STRICT_OBJC_MSGSEND = YES;
				ENABLE_TESTABILITY = YES;
				GCC_C_LANGUAGE_STANDARD = gnu11;
				GCC_DYNAMIC_NO_PIC = NO;
				GCC_NO_COMMON_BLOCKS = YES;
				GCC_OPTIMIZATION_LEVEL = 0;
				GCC_PREPROCESSOR_DEFINITIONS = (
					"DEBUG=1",
					"$(inherited)",
				);
				GCC_WARN_64_TO_32_BIT_CONVERSION = YES;
				GCC_WARN_ABOUT_RETURN_TYPE = YES_ERROR;
				GCC_WARN_UNDECLARED_SELECTOR = YES;
				GCC_WARN_UNINITIALIZED_AUTOS = YES_AGGRESSIVE;
				GCC_WARN_UNUSED_FUNCTION = YES;
				GCC_WARN_UNUSED_VARIABLE = YES;
				IPHONEOS_DEPLOYMENT_TARGET = 11.1;
				MTL_ENABLE_DEBUG_INFO = YES;
				ONLY_ACTIVE_ARCH = YES;
				SDKROOT = iphoneos;
			};
			name = Debug;
		};
		D53D8D851FD3F882007A9C45 /* Release */ = {
			isa = XCBuildConfiguration;
			buildSettings = {
				ALWAYS_SEARCH_USER_PATHS = NO;
				CLANG_ANALYZER_NONNULL = YES;
				CLANG_ANALYZER_NUMBER_OBJECT_CONVERSION = YES_AGGRESSIVE;
				CLANG_CXX_LANGUAGE_STANDARD = "gnu++14";
				CLANG_CXX_LIBRARY = "libc++";
				CLANG_ENABLE_MODULES = YES;
				CLANG_ENABLE_OBJC_ARC = YES;
				CLANG_WARN_BLOCK_CAPTURE_AUTORELEASING = YES;
				CLANG_WARN_BOOL_CONVERSION = YES;
				CLANG_WARN_COMMA = YES;
				CLANG_WARN_CONSTANT_CONVERSION = YES;
				CLANG_WARN_DIRECT_OBJC_ISA_USAGE = YES_ERROR;
				CLANG_WARN_DOCUMENTATION_COMMENTS = YES;
				CLANG_WARN_EMPTY_BODY = YES;
				CLANG_WARN_ENUM_CONVERSION = YES;
				CLANG_WARN_INFINITE_RECURSION = YES;
				CLANG_WARN_INT_CONVERSION = YES;
				CLANG_WARN_NON_LITERAL_NULL_CONVERSION = YES;
				CLANG_WARN_OBJC_LITERAL_CONVERSION = YES;
				CLANG_WARN_OBJC_ROOT_CLASS = YES_ERROR;
				CLANG_WARN_RANGE_LOOP_ANALYSIS = YES;
				CLANG_WARN_STRICT_PROTOTYPES = YES;
				CLANG_WARN_SUSPICIOUS_MOVE = YES;
				CLANG_WARN_UNGUARDED_AVAILABILITY = YES_AGGRESSIVE;
				CLANG_WARN_UNREACHABLE_CODE = YES;
				CLANG_WARN__DUPLICATE_METHOD_MATCH = YES;
				CODE_SIGN_IDENTITY = "iPhone Developer";
				COPY_PHASE_STRIP = NO;
				DEBUG_INFORMATION_FORMAT = "dwarf-with-dsym";
				ENABLE_NS_ASSERTIONS = NO;
				ENABLE_STRICT_OBJC_MSGSEND = YES;
				GCC_C_LANGUAGE_STANDARD = gnu11;
				GCC_NO_COMMON_BLOCKS = YES;
				GCC_WARN_64_TO_32_BIT_CONVERSION = YES;
				GCC_WARN_ABOUT_RETURN_TYPE = YES_ERROR;
				GCC_WARN_UNDECLARED_SELECTOR = YES;
				GCC_WARN_UNINITIALIZED_AUTOS = YES_AGGRESSIVE;
				GCC_WARN_UNUSED_FUNCTION = YES;
				GCC_WARN_UNUSED_VARIABLE = YES;
				IPHONEOS_DEPLOYMENT_TARGET = 11.1;
				MTL_ENABLE_DEBUG_INFO = NO;
				SDKROOT = iphoneos;
				VALIDATE_PRODUCT = YES;
			};
			name = Release;
		};
		D53D8D871FD3F882007A9C45 /* Debug */ = {
			isa = XCBuildConfiguration;
			buildSettings = {
				ASSETCATALOG_COMPILER_APPICON_NAME = AppIcon;
				CODE_SIGN_STYLE = Automatic;
				DEVELOPMENT_TEAM = TYM245E8PV;
				INFOPLIST_FILE = RYTableViewForm/Info.plist;
				LD_RUNPATH_SEARCH_PATHS = "$(inherited) @executable_path/Frameworks";
				PRODUCT_BUNDLE_IDENTIFIER = com.rainer.RYTableViewForm;
				PRODUCT_NAME = "$(TARGET_NAME)";
				TARGETED_DEVICE_FAMILY = "1,2";
			};
			name = Debug;
		};
		D53D8D881FD3F882007A9C45 /* Release */ = {
			isa = XCBuildConfiguration;
			buildSettings = {
				ASSETCATALOG_COMPILER_APPICON_NAME = AppIcon;
				CODE_SIGN_STYLE = Automatic;
				DEVELOPMENT_TEAM = TYM245E8PV;
				INFOPLIST_FILE = RYTableViewForm/Info.plist;
				LD_RUNPATH_SEARCH_PATHS = "$(inherited) @executable_path/Frameworks";
				PRODUCT_BUNDLE_IDENTIFIER = com.rainer.RYTableViewForm;
				PRODUCT_NAME = "$(TARGET_NAME)";
				TARGETED_DEVICE_FAMILY = "1,2";
			};
			name = Release;
		};
		D53D8D8A1FD3F882007A9C45 /* Debug */ = {
			isa = XCBuildConfiguration;
			buildSettings = {
				BUNDLE_LOADER = "$(TEST_HOST)";
				CODE_SIGN_STYLE = Automatic;
				DEVELOPMENT_TEAM = TYM245E8PV;
				INFOPLIST_FILE = RYTableViewFormTests/Info.plist;
				LD_RUNPATH_SEARCH_PATHS = "$(inherited) @executable_path/Frameworks @loader_path/Frameworks";
				PRODUCT_BUNDLE_IDENTIFIER = com.rainer.RYTableViewFormTests;
				PRODUCT_NAME = "$(TARGET_NAME)";
				TARGETED_DEVICE_FAMILY = "1,2";
				TEST_HOST = "$(BUILT_PRODUCTS_DIR)/RYTableViewForm.app/RYTableViewForm";
			};
			name = Debug;
		};
		D53D8D8B1FD3F882007A9C45 /* Release */ = {
			isa = XCBuildConfiguration;
			buildSettings = {
				BUNDLE_LOADER = "$(TEST_HOST)";
				CODE_SIGN_STYLE = Automatic;
				DEVELOPMENT_TEAM = TYM245E8PV;
				INFOPLIST_FILE = RYTableViewFormTests/Info.plist;
				LD_RUNPATH_SEARCH_PATHS = "$(inherited) @executable_path/Frameworks @loader_path/Frameworks";
				PRODUCT_BUNDLE_IDENTIFIER = com.rainer.RYTableViewFormTests;
				PRODUCT_NAME = "$(TARGET_NAME)";
				TARGETED_DEVICE_FAMILY = "1,2";
				TEST_HOST = "$(BUILT_PRODUCTS_DIR)/RYTableViewForm.app/RYTableViewForm";
			};
			name = Release;
		};
		D53D8D8D1FD3F882007A9C45 /* Debug */ = {
			isa = XCBuildConfiguration;
			buildSettings = {
				CODE_SIGN_STYLE = Automatic;
				DEVELOPMENT_TEAM = TYM245E8PV;
				INFOPLIST_FILE = RYTableViewFormUITests/Info.plist;
				LD_RUNPATH_SEARCH_PATHS = "$(inherited) @executable_path/Frameworks @loader_path/Frameworks";
				PRODUCT_BUNDLE_IDENTIFIER = com.rainer.RYTableViewFormUITests;
				PRODUCT_NAME = "$(TARGET_NAME)";
				TARGETED_DEVICE_FAMILY = "1,2";
				TEST_TARGET_NAME = RYTableViewForm;
			};
			name = Debug;
		};
		D53D8D8E1FD3F882007A9C45 /* Release */ = {
			isa = XCBuildConfiguration;
			buildSettings = {
				CODE_SIGN_STYLE = Automatic;
				DEVELOPMENT_TEAM = TYM245E8PV;
				INFOPLIST_FILE = RYTableViewFormUITests/Info.plist;
				LD_RUNPATH_SEARCH_PATHS = "$(inherited) @executable_path/Frameworks @loader_path/Frameworks";
				PRODUCT_BUNDLE_IDENTIFIER = com.rainer.RYTableViewFormUITests;
				PRODUCT_NAME = "$(TARGET_NAME)";
				TARGETED_DEVICE_FAMILY = "1,2";
				TEST_TARGET_NAME = RYTableViewForm;
			};
			name = Release;
		};
/* End XCBuildConfiguration section */

/* Begin XCConfigurationList section */
		D53D8D551FD3F882007A9C45 /* Build configuration list for PBXProject "RYTableViewForm" */ = {
			isa = XCConfigurationList;
			buildConfigurations = (
				D53D8D841FD3F882007A9C45 /* Debug */,
				D53D8D851FD3F882007A9C45 /* Release */,
			);
			defaultConfigurationIsVisible = 0;
			defaultConfigurationName = Release;
		};
		D53D8D861FD3F882007A9C45 /* Build configuration list for PBXNativeTarget "RYTableViewForm" */ = {
			isa = XCConfigurationList;
			buildConfigurations = (
				D53D8D871FD3F882007A9C45 /* Debug */,
				D53D8D881FD3F882007A9C45 /* Release */,
			);
			defaultConfigurationIsVisible = 0;
			defaultConfigurationName = Release;
		};
		D53D8D891FD3F882007A9C45 /* Build configuration list for PBXNativeTarget "RYTableViewFormTests" */ = {
			isa = XCConfigurationList;
			buildConfigurations = (
				D53D8D8A1FD3F882007A9C45 /* Debug */,
				D53D8D8B1FD3F882007A9C45 /* Release */,
			);
			defaultConfigurationIsVisible = 0;
			defaultConfigurationName = Release;
		};
		D53D8D8C1FD3F882007A9C45 /* Build configuration list for PBXNativeTarget "RYTableViewFormUITests" */ = {
			isa = XCConfigurationList;
			buildConfigurations = (
				D53D8D8D1FD3F882007A9C45 /* Debug */,
				D53D8D8E1FD3F882007A9C45 /* Release */,
			);
			defaultConfigurationIsVisible = 0;
			defaultConfigurationName = Release;
		};
/* End XCConfigurationList section */
	};
	rootObject = D53D8D521FD3F882007A9C45 /* Project object */;
}
